// !$*UTF8*$!
{
	archiveVersion = 1;
	classes = {
	};
	objectVersion = 50;
	objects = {

/* Begin PBXBuildFile section */
		FA291B9A226D8AF30009108E /* AppDelegate.m in Sources */ = {isa = PBXBuildFile; fileRef = FA291B99226D8AF30009108E /* AppDelegate.m */; };
		FA291B9D226D8AF30009108E /* ViewController.m in Sources */ = {isa = PBXBuildFile; fileRef = FA291B9C226D8AF30009108E /* ViewController.m */; };
		FA291BA0226D8AF30009108E /* Document.m in Sources */ = {isa = PBXBuildFile; fileRef = FA291B9F226D8AF30009108E /* Document.m */; };
		FA291BA2226D8AF40009108E /* Assets.xcassets in Resources */ = {isa = PBXBuildFile; fileRef = FA291BA1226D8AF40009108E /* Assets.xcassets */; };
		FA291BA5226D8AF40009108E /* Main.storyboard in Resources */ = {isa = PBXBuildFile; fileRef = FA291BA3226D8AF40009108E /* Main.storyboard */; };
		FA291BA8226D8AF40009108E /* main.m in Sources */ = {isa = PBXBuildFile; fileRef = FA291BA7226D8AF40009108E /* main.m */; };
/* End PBXBuildFile section */

/* Begin PBXFileReference section */
		FA291B95226D8AF20009108E /* NewTahDoodle.app */ = {isa = PBXFileReference; explicitFileType = wrapper.application; includeInIndex = 0; path = NewTahDoodle.app; sourceTree = BUILT_PRODUCTS_DIR; };
		FA291B98226D8AF30009108E /* AppDelegate.h */ = {isa = PBXFileReference; lastKnownFileType = sourcecode.c.h; path = AppDelegate.h; sourceTree = "<group>"; };
		FA291B99226D8AF30009108E /* AppDelegate.m */ = {isa = PBXFileReference; lastKnownFileType = sourcecode.c.objc; path = AppDelegate.m; sourceTree = "<group>"; };
		FA291B9B226D8AF30009108E /* ViewController.h */ = {isa = PBXFileReference; lastKnownFileType = sourcecode.c.h; path = ViewController.h; sourceTree = "<group>"; };
		FA291B9C226D8AF30009108E /* ViewController.m */ = {isa = PBXFileReference; lastKnownFileType = sourcecode.c.objc; path = ViewController.m; sourceTree = "<group>"; };
		FA291B9E226D8AF30009108E /* Document.h */ = {isa = PBXFileReference; lastKnownFileType = sourcecode.c.h; path = Document.h; sourceTree = "<group>"; };
		FA291B9F226D8AF30009108E /* Document.m */ = {isa = PBXFileReference; lastKnownFileType = sourcecode.c.objc; path = Document.m; sourceTree = "<group>"; };
		FA291BA1226D8AF40009108E /* Assets.xcassets */ = {isa = PBXFileReference; lastKnownFileType = folder.assetcatalog; path = Assets.xcassets; sourceTree = "<group>"; };
		FA291BA4226D8AF40009108E /* Base */ = {isa = PBXFileReference; lastKnownFileType = file.storyboard; name = Base; path = Base.lproj/Main.storyboard; sourceTree = "<group>"; };
		FA291BA6226D8AF40009108E /* Info.plist */ = {isa = PBXFileReference; lastKnownFileType = text.plist.xml; path = Info.plist; sourceTree = "<group>"; };
		FA291BA7226D8AF40009108E /* main.m */ = {isa = PBXFileReference; lastKnownFileType = sourcecode.c.objc; path = main.m; sourceTree = "<group>"; };
		FA291BA9226D8AF40009108E /* NewTahDoodle.entitlements */ = {isa = PBXFileReference; lastKnownFileType = text.plist.entitlements; path = NewTahDoodle.entitlements; sourceTree = "<group>"; };
/* End PBXFileReference section */

/* Begin PBXFrameworksBuildPhase section */
		FA291B92226D8AF20009108E /* Frameworks */ = {
			isa = PBXFrameworksBuildPhase;
			buildActionMask = 2147483647;
			files = (
			);
			runOnlyForDeploymentPostprocessing = 0;
		};
/* End PBXFrameworksBuildPhase section */

/* Begin PBXGroup section */
		FA291B8C226D8AF20009108E = {
			isa = PBXGroup;
			children = (
				FA291B97226D8AF30009108E /* NewTahDoodle */,
				FA291B96226D8AF20009108E /* Products */,
			);
			sourceTree = "<group>";
		};
		FA291B96226D8AF20009108E /* Products */ = {
			isa = PBXGroup;
			children = (
				FA291B95226D8AF20009108E /* NewTahDoodle.app */,
			);
			name = Products;
			sourceTree = "<group>";
		};
		FA291B97226D8AF30009108E /* NewTahDoodle */ = {
			isa = PBXGroup;
			children = (
				FA291B98226D8AF30009108E /* AppDelegate.h */,
				FA291B99226D8AF30009108E /* AppDelegate.m */,
				FA291B9B226D8AF30009108E /* ViewController.h */,
				FA291B9C226D8AF30009108E /* ViewController.m */,
				FA291B9E226D8AF30009108E /* Document.h */,
				FA291B9F226D8AF30009108E /* Document.m */,
				FA291BA1226D8AF40009108E /* Assets.xcassets */,
				FA291BA3226D8AF40009108E /* Main.storyboard */,
				FA291BA6226D8AF40009108E /* Info.plist */,
				FA291BA7226D8AF40009108E /* main.m */,
				FA291BA9226D8AF40009108E /* NewTahDoodle.entitlements */,
			);
			path = NewTahDoodle;
			sourceTree = "<group>";
		};
/* End PBXGroup section */

/* Begin PBXNativeTarget section */
		FA291B94226D8AF20009108E /* NewTahDoodle */ = {
			isa = PBXNativeTarget;
			buildConfigurationList = FA291BAC226D8AF40009108E /* Build configuration list for PBXNativeTarget "NewTahDoodle" */;
			buildPhases = (
				FA291B91226D8AF20009108E /* Sources */,
				FA291B92226D8AF20009108E /* Frameworks */,
				FA291B93226D8AF20009108E /* Resources */,
			);
			buildRules = (
			);
			dependencies = (
			);
			name = NewTahDoodle;
			productName = NewTahDoodle;
			productReference = FA291B95226D8AF20009108E /* NewTahDoodle.app */;
			productType = "com.apple.product-type.application";
		};
/* End PBXNativeTarget section */

/* Begin PBXProject section */
		FA291B8D226D8AF20009108E /* Project object */ = {
			isa = PBXProject;
			attributes = {
				LastUpgradeCheck = 1020;
				ORGANIZATIONNAME = alex;
				TargetAttributes = {
					FA291B94226D8AF20009108E = {
						CreatedOnToolsVersion = 10.2;
					};
				};
			};
			buildConfigurationList = FA291B90226D8AF20009108E /* Build configuration list for PBXProject "NewTahDoodle" */;
			compatibilityVersion = "Xcode 9.3";
			developmentRegion = en;
			hasScannedForEncodings = 0;
			knownRegions = (
				en,
				Base,
			);
			mainGroup = FA291B8C226D8AF20009108E;
			productRefGroup = FA291B96226D8AF20009108E /* Products */;
			projectDirPath = "";
			projectRoot = "";
			targets = (
				FA291B94226D8AF20009108E /* NewTahDoodle */,
			);
		};
/* End PBXProject section */

/* Begin PBXResourcesBuildPhase section */
		FA291B93226D8AF20009108E /* Resources */ = {
			isa = PBXResourcesBuildPhase;
			buildActionMask = 2147483647;
			files = (
				FA291BA2226D8AF40009108E /* Assets.xcassets in Resources */,
				FA291BA5226D8AF40009108E /* Main.storyboard in Resources */,
			);
			runOnlyForDeploymentPostprocessing = 0;
		};
/* End PBXResourcesBuildPhase section */

/* Begin PBXSourcesBuildPhase section */
		FA291B91226D8AF20009108E /* Sources */ = {
			isa = PBXSourcesBuildPhase;
			buildActionMask = 2147483647;
			files = (
				FA291BA0226D8AF30009108E /* Document.m in Sources */,
				FA291B9D226D8AF30009108E /* ViewController.m in Sources */,
				FA291BA8226D8AF40009108E /* main.m in Sources */,
				FA291B9A226D8AF30009108E /* AppDelegate.m in Sources */,
			);
			runOnlyForDeploymentPostprocessing = 0;
		};
/* End PBXSourcesBuildPhase section */

/* Begin PBXVariantGroup section */
		FA291BA3226D8AF40009108E /* Main.storyboard */ = {
			isa = PBXVariantGroup;
			children = (
				FA291BA4226D8AF40009108E /* Base */,
			);
			name = Main.storyboard;
			sourceTree = "<group>";
		};
/* End PBXVariantGroup section */

/* Begin XCBuildConfiguration section */
		FA291BAA226D8AF40009108E /* Debug */ = {
			isa = XCBuildConfiguration;
			buildSettings = {
				ALWAYS_SEARCH_USER_PATHS = NO;
				CLANG_ANALYZER_NONNULL = YES;
				CLANG_ANALYZER_NUMBER_OBJECT_CONVERSION = YES_AGGRESSIVE;
				CLANG_CXX_LANGUAGE_STANDARD = "gnu++14";
				CLANG_CXX_LIBRARY = "libc++";
				CLANG_ENABLE_MODULES = YES;
				CLANG_ENABLE_OBJC_ARC = YES;
				CLANG_ENABLE_OBJC_WEAK = YES;
				CLANG_WARN_BLOCK_CAPTURE_AUTORELEASING = YES;
				CLANG_WARN_BOOL_CONVERSION = YES;
				CLANG_WARN_COMMA = YES;
				CLANG_WARN_CONSTANT_CONVERSION = YES;
				CLANG_WARN_DEPRECATED_OBJC_IMPLEMENTATIONS = YES;
				CLANG_WARN_DIRECT_OBJC_ISA_USAGE = YES_ERROR;
				CLANG_WARN_DOCUMENTATION_COMMENTS = YES;
				CLANG_WARN_EMPTY_BODY = YES;
				CLANG_WARN_ENUM_CONVERSION = YES;
				CLANG_WARN_INFINITE_RECURSION = YES;
				CLANG_WARN_INT_CONVERSION = YES;
				CLANG_WARN_NON_LITERAL_NULL_CONVERSION = YES;
				CLANG_WARN_OBJC_IMPLICIT_RETAIN_SELF = YES;
				CLANG_WARN_OBJC_LITERAL_CONVERSION = YES;
				CLANG_WARN_OBJC_ROOT_CLASS = YES_ERROR;
				CLANG_WARN_RANGE_LOOP_ANALYSIS = YES;
				CLANG_WARN_STRICT_PROTOTYPES = YES;
				CLANG_WARN_SUSPICIOUS_MOVE = YES;
				CLANG_WARN_UNGUARDED_AVAILABILITY = YES_AGGRESSIVE;
				CLANG_WARN_UNREACHABLE_CODE = YES;
				CLANG_WARN__DUPLICATE_METHOD_MATCH = YES;
				CODE_SIGN_IDENTITY = "Mac Developer";
				COPY_PHASE_STRIP = NO;
				DEBUG_INFORMATION_FORMAT = dwarf;
				ENABLE_STRICT_OBJC_MSGSEND = YES;
				ENABLE_TESTABILITY = YES;
				GCC_C_LANGUAGE_STANDARD = gnu11;
				GCC_DYNAMIC_NO_PIC = NO;
				GCC_NO_COMMON_BLOCKS = YES;
				GCC_OPTIMIZATION_LEVEL = 0;
				GCC_PREPROCESSOR_DEFINITIONS = (
					"DEBUG=1",
					"$(inherited)",
				);
				GCC_WARN_64_TO_32_BIT_CONVERSION = YES;
				GCC_WARN_ABOUT_RETURN_TYPE = YES_ERROR;
				GCC_WARN_UNDECLARED_SELECTOR = YES;
				GCC_WARN_UNINITIALIZED_AUTOS = YES_AGGRESSIVE;
				GCC_WARN_UNUSED_FUNCTION = YES;
				GCC_WARN_UNUSED_VARIABLE = YES;
				MACOSX_DEPLOYMENT_TARGET = 10.14;
				MTL_ENABLE_DEBUG_INFO = INCLUDE_SOURCE;
				MTL_FAST_MATH = YES;
				ONLY_ACTIVE_ARCH = YES;
				SDKROOT = macosx;
			};
			name = Debug;
		};
		FA291BAB226D8AF40009108E /* Release */ = {
			isa = XCBuildConfiguration;
			buildSettings = {
				ALWAYS_SEARCH_USER_PATHS = NO;
				CLANG_ANALYZER_NONNULL = YES;
				CLANG_ANALYZER_NUMBER_OBJECT_CONVERSION = YES_AGGRESSIVE;
				CLANG_CXX_LANGUAGE_STANDARD = "gnu++14";
				CLANG_CXX_LIBRARY = "libc++";
				CLANG_ENABLE_MODULES = YES;
				CLANG_ENABLE_OBJC_ARC = YES;
				CLANG_ENABLE_OBJC_WEAK = YES;
				CLANG_WARN_BLOCK_CAPTURE_AUTORELEASING = YES;
				CLANG_WARN_BOOL_CONVERSION = YES;
				CLANG_WARN_COMMA = YES;
				CLANG_WARN_CONSTANT_CONVERSION = YES;
				CLANG_WARN_DEPRECATED_OBJC_IMPLEMENTATIONS = YES;
				CLANG_WARN_DIRECT_OBJC_ISA_USAGE = YES_ERROR;
				CLANG_WARN_DOCUMENTATION_COMMENTS = YES;
				CLANG_WARN_EMPTY_BODY = YES;
				CLANG_WARN_ENUM_CONVERSION = YES;
				CLANG_WARN_INFINITE_RECURSION = YES;
				CLANG_WARN_INT_CONVERSION = YES;
				CLANG_WARN_NON_LITERAL_NULL_CONVERSION = YES;
				CLANG_WARN_OBJC_IMPLICIT_RETAIN_SELF = YES;
				CLANG_WARN_OBJC_LITERAL_CONVERSION = YES;
				CLANG_WARN_OBJC_ROOT_CLASS = YES_ERROR;
				CLANG_WARN_RANGE_LOOP_ANALYSIS = YES;
				CLANG_WARN_STRICT_PROTOTYPES = YES;
				CLANG_WARN_SUSPICIOUS_MOVE = YES;
				CLANG_WARN_UNGUARDED_AVAILABILITY = YES_AGGRESSIVE;
				CLANG_WARN_UNREACHABLE_CODE = YES;
				CLANG_WARN__DUPLICATE_METHOD_MATCH = YES;
				CODE_SIGN_IDENTITY = "Mac Developer";
				COPY_PHASE_STRIP = NO;
				DEBUG_INFORMATION_FORMAT = "dwarf-with-dsym";
				ENABLE_NS_ASSERTIONS = NO;
				ENABLE_STRICT_OBJC_MSGSEND = YES;
				GCC_C_LANGUAGE_STANDARD = gnu11;
				GCC_NO_COMMON_BLOCKS = YES;
				GCC_WARN_64_TO_32_BIT_CONVERSION = YES;
				GCC_WARN_ABOUT_RETURN_TYPE = YES_ERROR;
				GCC_WARN_UNDECLARED_SELECTOR = YES;
				GCC_WARN_UNINITIALIZED_AUTOS = YES_AGGRESSIVE;
				GCC_WARN_UNUSED_FUNCTION = YES;
				GCC_WARN_UNUSED_VARIABLE = YES;
				MACOSX_DEPLOYMENT_TARGET = 10.14;
				MTL_ENABLE_DEBUG_INFO = NO;
				MTL_FAST_MATH = YES;
				SDKROOT = macosx;
			};
			name = Release;
		};
		FA291BAD226D8AF40009108E /* Debug */ = {
			isa = XCBuildConfiguration;
			buildSettings = {
				ASSETCATALOG_COMPILER_APPICON_NAME = AppIcon;
				CODE_SIGN_ENTITLEMENTS = NewTahDoodle/NewTahDoodle.entitlements;
				CODE_SIGN_STYLE = Automatic;
				COMBINE_HIDPI_IMAGES = YES;
				DEVELOPMENT_TEAM = M6RX6VBNC9;
				INFOPLIST_FILE = NewTahDoodle/Info.plist;
				LD_RUNPATH_SEARCH_PATHS = (
					"$(inherited)",
					"@executable_path/../Frameworks",
				);
				PRODUCT_BUNDLE_IDENTIFIER = "alex-pstu.ru.NewTahDoodle";
				PRODUCT_NAME = "$(TARGET_NAME)";
			};
			name = Debug;
		};
		FA291BAE226D8AF40009108E /* Release */ = {
			isa = XCBuildConfiguration;
			buildSettings = {
				ASSETCATALOG_COMPILER_APPICON_NAME = AppIcon;
				CODE_SIGN_ENTITLEMENTS = NewTahDoodle/NewTahDoodle.entitlements;
				CODE_SIGN_STYLE = Automatic;
				COMBINE_HIDPI_IMAGES = YES;
				DEVELOPMENT_TEAM = M6RX6VBNC9;
				INFOPLIST_FILE = NewTahDoodle/Info.plist;
				LD_RUNPATH_SEARCH_PATHS = (
					"$(inherited)",
					"@executable_path/../Frameworks",
				);
				PRODUCT_BUNDLE_IDENTIFIER = "alex-pstu.ru.NewTahDoodle";
				PRODUCT_NAME = "$(TARGET_NAME)";
			};
			name = Release;
		};
/* End XCBuildConfiguration section */

/* Begin XCConfigurationList section */
		FA291B90226D8AF20009108E /* Build configuration list for PBXProject "NewTahDoodle" */ = {
			isa = XCConfigurationList;
			buildConfigurations = (
				FA291BAA226D8AF40009108E /* Debug */,
				FA291BAB226D8AF40009108E /* Release */,
			);
			defaultConfigurationIsVisible = 0;
			defaultConfigurationName = Release;
		};
		FA291BAC226D8AF40009108E /* Build configuration list for PBXNativeTarget "NewTahDoodle" */ = {
			isa = XCConfigurationList;
			buildConfigurations = (
				FA291BAD226D8AF40009108E /* Debug */,
				FA291BAE226D8AF40009108E /* Release */,
			);
			defaultConfigurationIsVisible = 0;
			defaultConfigurationName = Release;
		};
/* End XCConfigurationList section */
	};
	rootObject = FA291B8D226D8AF20009108E /* Project object */;
}
